{
  "lockfileVersion": 1,
  "workspaces": {
    "": {
      "dependencies": {
        "@tailwindcss/postcss": "^4.0.5",
        "postcss": "^8.5.1",
        "tailwindcss": "^4.0.5",
      },
    },
  },
  "packages": {
    "@alloc/quick-lru": ["@alloc/quick-lru@5.2.0", "", {}, "sha512-UrcABB+4bUrFABwbluTIBErXwvbsU/V7TZWfmbgJfbkwiBuziS9gxdODUyuiecfdGQ85jglMW6juS3+z5TsKLw=="],

    "@tailwindcss/node": ["@tailwindcss/node@4.0.5", "", { "dependencies": { "enhanced-resolve": "^5.18.0", "jiti": "^2.4.2", "tailwindcss": "4.0.5" } }, "sha512-ffTz4DX1cgr4XPuqjhm32YV6Lyx58R1CxAAnSFTamg6wXwfk3oWdb6exgAbGesPzvUgicTO0gwUdQGSsg4nNog=="],

    "@tailwindcss/oxide": ["@tailwindcss/oxide@4.0.5", "", { "optionalDependencies": { "@tailwindcss/oxide-android-arm64": "4.0.5", "@tailwindcss/oxide-darwin-arm64": "4.0.5", "@tailwindcss/oxide-darwin-x64": "4.0.5", "@tailwindcss/oxide-freebsd-x64": "4.0.5", "@tailwindcss/oxide-linux-arm-gnueabihf": "4.0.5", "@tailwindcss/oxide-linux-arm64-gnu": "4.0.5", "@tailwindcss/oxide-linux-arm64-musl": "4.0.5", "@tailwindcss/oxide-linux-x64-gnu": "4.0.5", "@tailwindcss/oxide-linux-x64-musl": "4.0.5", "@tailwindcss/oxide-win32-arm64-msvc": "4.0.5", "@tailwindcss/oxide-win32-x64-msvc": "4.0.5" } }, "sha512-iWGyOCu0TuzvCBisWbGv2K9+7QCfE0ztgtrZOvb9iF7V7ChVkD15Obe3HevZrhjngAc34jDA+OMSuSvkrpTy4A=="],

    "@tailwindcss/oxide-android-arm64": ["@tailwindcss/oxide-android-arm64@4.0.5", "", { "os": "android", "cpu": "arm64" }, "sha512-kK/ik8aIAKWDIEYDZGUCJcnU1qU5sPoMBlVzPvtsUqiV6cSHcnVRUdkcLwKqTeUowzZtjjRiamELLd9Gb0x5BQ=="],

    "@tailwindcss/oxide-darwin-arm64": ["@tailwindcss/oxide-darwin-arm64@4.0.5", "", { "os": "darwin", "cpu": "arm64" }, "sha512-vkbXFv0FfAEbrSa5NBjFEE+xi06ha7mxuxjY8LRn7d7/tBGrAZOEJnnsEbB6M1+x2pGRTjjei0XyTIXdVCglJA=="],

    "@tailwindcss/oxide-darwin-x64": ["@tailwindcss/oxide-darwin-x64@4.0.5", "", { "os": "darwin", "cpu": "x64" }, "sha512-PedA64rHBXEa4e6abBWE4Yj4gHulfPb5T+rBNnX+WGkjjge5Txa2oS99TLmJ5BPDkXXqz/Ba7oweWIDDG7i5NQ=="],

    "@tailwindcss/oxide-freebsd-x64": ["@tailwindcss/oxide-freebsd-x64@4.0.5", "", { "os": "freebsd", "cpu": "x64" }, "sha512-silz3nuZdEYDfic3v/ooVUQChj9hbxDSee43GCQNwr/iD9L4K/JsZtoNqr0w69pUkvWcKINOGOG0r7WqUqkAeg=="],

    "@tailwindcss/oxide-linux-arm-gnueabihf": ["@tailwindcss/oxide-linux-arm-gnueabihf@4.0.5", "", { "os": "linux", "cpu": "arm" }, "sha512-ElneG75XS64B9I2G83A/Hc7EtNVOD5xahs7avq0aeW7mEX6CtMc8m8RCXMn3jGhz8enFE52l6QU0wO7iVkEtXQ=="],

    "@tailwindcss/oxide-linux-arm64-gnu": ["@tailwindcss/oxide-linux-arm64-gnu@4.0.5", "", { "os": "linux", "cpu": "arm64" }, "sha512-8yoXpWTeIFaByUaKy2qRAppznLVaDHP9xYCAbS3FG7+uUwHi8CHE4TcomM7eyamo0U7dbUIDgKMGoAX5s2iVrA=="],

    "@tailwindcss/oxide-linux-arm64-musl": ["@tailwindcss/oxide-linux-arm64-musl@4.0.5", "", { "os": "linux", "cpu": "arm64" }, "sha512-BDlVSiiJ08GRz9KKnXgaPFs2fkukPF3pym6uK3oWEKW45jKlVGgybLqulcV5nLEqREOuyq4Rn4vnZss4/bbQ/g=="],

    "@tailwindcss/oxide-linux-x64-gnu": ["@tailwindcss/oxide-linux-x64-gnu@4.0.5", "", { "os": "linux", "cpu": "x64" }, "sha512-DYgieNDRkTy69bWPgdsc47nAXa74P63P/RetUwYM9vYj5USyOfHCEcqIthkCuYw3dXKBhjgwe697TmL2g2jpAw=="],

    "@tailwindcss/oxide-linux-x64-musl": ["@tailwindcss/oxide-linux-x64-musl@4.0.5", "", { "os": "linux", "cpu": "x64" }, "sha512-z2RzUvOQl0ZqrZqmCFP53tJbBXQ3UmLD/E6J7+q0e+4VaFnXCcIYTfQbHgI8f3fash+q6gK80Ko/ywEQ+bvv6Q=="],

    "@tailwindcss/oxide-win32-arm64-msvc": ["@tailwindcss/oxide-win32-arm64-msvc@4.0.5", "", { "os": "win32", "cpu": "arm64" }, "sha512-ho1dJ4o5Q8nAOxdMkbfBu5aSqI+/bzQ0jEeHcXaEdEJzf2fSWs3HY7bIKtE6vQS8c4SmSBvls7IhGPuJxNg+2Q=="],

    "@tailwindcss/oxide-win32-x64-msvc": ["@tailwindcss/oxide-win32-x64-msvc@4.0.5", "", { "os": "win32", "cpu": "x64" }, "sha512-yjw6JhtyDXr+G0aZrj3L3NlEV7CobSqOdPyfo6G3d91WEZ5b8PyGm86IAreX08Jp9DChGXEd53gWysVpWCTs+w=="],

    "@tailwindcss/postcss": ["@tailwindcss/postcss@4.0.5", "", { "dependencies": { "@alloc/quick-lru": "^5.2.0", "@tailwindcss/node": "^4.0.5", "@tailwindcss/oxide": "^4.0.5", "lightningcss": "^1.29.1", "postcss": "^8.4.41", "tailwindcss": "4.0.5" } }, "sha512-U7IPb+KMASETtUvISwePM+1h+jLQspXf2ncfX/LmP/4AaH7b7DJQhqXzDCaJQd/MIh54dRUO93i9q4+Xm7dlVg=="],

    "detect-libc": ["detect-libc@1.0.3", "", { "bin": { "detect-libc": "./bin/detect-libc.js" } }, "sha512-pGjwhsmsp4kL2RTz08wcOlGN83otlqHeD/Z5T8GXZB+/YcpQ/dgo+lbU8ZsGxV0HIvqqxo9l7mqYwyYMD9bKDg=="],

    "enhanced-resolve": ["enhanced-resolve@5.18.1", "", { "dependencies": { "graceful-fs": "^4.2.4", "tapable": "^2.2.0" } }, "sha512-ZSW3ma5GkcQBIpwZTSRAI8N71Uuwgs93IezB7mf7R60tC8ZbJideoDNKjHn2O9KIlx6rkGTTEk1xUCK2E1Y2Yg=="],

    "graceful-fs": ["graceful-fs@4.2.11", "", {}, "sha512-RbJ5/jmFcNNCcDV5o9eTnBLJ/HszWV0P73bc+Ff4nS/rJj+YaS6IGyiOL0VoBYX+l1Wrl3k63h/KrH+nhJ0XvQ=="],

    "jiti": ["jiti@2.4.2", "", { "bin": { "jiti": "lib/jiti-cli.mjs" } }, "sha512-rg9zJN+G4n2nfJl5MW3BMygZX56zKPNVEYYqq7adpmMh4Jn2QNEwhvQlFy6jPVdcod7txZtKHWnyZiA3a0zP7A=="],

    "lightningcss": ["lightningcss@1.29.1", "", { "dependencies": { "detect-libc": "^1.0.3" }, "optionalDependencies": { "lightningcss-darwin-arm64": "1.29.1", "lightningcss-darwin-x64": "1.29.1", "lightningcss-freebsd-x64": "1.29.1", "lightningcss-linux-arm-gnueabihf": "1.29.1", "lightningcss-linux-arm64-gnu": "1.29.1", "lightningcss-linux-arm64-musl": "1.29.1", "lightningcss-linux-x64-gnu": "1.29.1", "lightningcss-linux-x64-musl": "1.29.1", "lightningcss-win32-arm64-msvc": "1.29.1", "lightningcss-win32-x64-msvc": "1.29.1" } }, "sha512-FmGoeD4S05ewj+AkhTY+D+myDvXI6eL27FjHIjoyUkO/uw7WZD1fBVs0QxeYWa7E17CUHJaYX/RUGISCtcrG4Q=="],

    "lightningcss-darwin-arm64": ["lightningcss-darwin-arm64@1.29.1", "", { "os": "darwin", "cpu": "arm64" }, "sha512-HtR5XJ5A0lvCqYAoSv2QdZZyoHNttBpa5EP9aNuzBQeKGfbyH5+UipLWvVzpP4Uml5ej4BYs5I9Lco9u1fECqw=="],

    "lightningcss-darwin-x64": ["lightningcss-darwin-x64@1.29.1", "", { "os": "darwin", "cpu": "x64" }, "sha512-k33G9IzKUpHy/J/3+9MCO4e+PzaFblsgBjSGlpAaFikeBFm8B/CkO3cKU9oI4g+fjS2KlkLM/Bza9K/aw8wsNA=="],

    "lightningcss-freebsd-x64": ["lightningcss-freebsd-x64@1.29.1", "", { "os": "freebsd", "cpu": "x64" }, "sha512-0SUW22fv/8kln2LnIdOCmSuXnxgxVC276W5KLTwoehiO0hxkacBxjHOL5EtHD8BAXg2BvuhsJPmVMasvby3LiQ=="],

    "lightningcss-linux-arm-gnueabihf": ["lightningcss-linux-arm-gnueabihf@1.29.1", "", { "os": "linux", "cpu": "arm" }, "sha512-sD32pFvlR0kDlqsOZmYqH/68SqUMPNj+0pucGxToXZi4XZgZmqeX/NkxNKCPsswAXU3UeYgDSpGhu05eAufjDg=="],

    "lightningcss-linux-arm64-gnu": ["lightningcss-linux-arm64-gnu@1.29.1", "", { "os": "linux", "cpu": "arm64" }, "sha512-0+vClRIZ6mmJl/dxGuRsE197o1HDEeeRk6nzycSy2GofC2JsY4ifCRnvUWf/CUBQmlrvMzt6SMQNMSEu22csWQ=="],

    "lightningcss-linux-arm64-musl": ["lightningcss-linux-arm64-musl@1.29.1", "", { "os": "linux", "cpu": "arm64" }, "sha512-UKMFrG4rL/uHNgelBsDwJcBqVpzNJbzsKkbI3Ja5fg00sgQnHw/VrzUTEc4jhZ+AN2BvQYz/tkHu4vt1kLuJyw=="],

    "lightningcss-linux-x64-gnu": ["lightningcss-linux-x64-gnu@1.29.1", "", { "os": "linux", "cpu": "x64" }, "sha512-u1S+xdODy/eEtjADqirA774y3jLcm8RPtYztwReEXoZKdzgsHYPl0s5V52Tst+GKzqjebkULT86XMSxejzfISw=="],

    "lightningcss-linux-x64-musl": ["lightningcss-linux-x64-musl@1.29.1", "", { "os": "linux", "cpu": "x64" }, "sha512-L0Tx0DtaNUTzXv0lbGCLB/c/qEADanHbu4QdcNOXLIe1i8i22rZRpbT3gpWYsCh9aSL9zFujY/WmEXIatWvXbw=="],

    "lightningcss-win32-arm64-msvc": ["lightningcss-win32-arm64-msvc@1.29.1", "", { "os": "win32", "cpu": "arm64" }, "sha512-QoOVnkIEFfbW4xPi+dpdft/zAKmgLgsRHfJalEPYuJDOWf7cLQzYg0DEh8/sn737FaeMJxHZRc1oBreiwZCjog=="],

    "lightningcss-win32-x64-msvc": ["lightningcss-win32-x64-msvc@1.29.1", "", { "os": "win32", "cpu": "x64" }, "sha512-NygcbThNBe4JElP+olyTI/doBNGJvLs3bFCRPdvuCcxZCcCZ71B858IHpdm7L1btZex0FvCmM17FK98Y9MRy1Q=="],

    "nanoid": ["nanoid@3.3.8", "", { "bin": { "nanoid": "bin/nanoid.cjs" } }, "sha512-WNLf5Sd8oZxOm+TzppcYk8gVOgP+l58xNy58D0nbUnOxOWRWvlcCV4kUF7ltmI6PsrLl/BgKEyS4mqsGChFN0w=="],

    "picocolors": ["picocolors@1.1.1", "", {}, "sha512-xceH2snhtb5M9liqDsmEw56le376mTZkEX/jEb/RxNFyegNul7eNslCXP9FDj/Lcu0X8KEyMceP2ntpaHrDEVA=="],

    "postcss": ["postcss@8.5.1", "", { "dependencies": { "nanoid": "^3.3.8", "picocolors": "^1.1.1", "source-map-js": "^1.2.1" } }, "sha512-6oz2beyjc5VMn/KV1pPw8fliQkhBXrVn1Z3TVyqZxU8kZpzEKhBdmCFqI6ZbmGtamQvQGuU1sgPTk8ZrXDD7jQ=="],

    "source-map-js": ["source-map-js@1.2.1", "", {}, "sha512-UXWMKhLOwVKb728IUtQPXxfYU+usdybtUrK/8uGE8CQMvrhOpwvzDBwj0QhSL7MQc7vIsISBG8VQ8+IDQxpfQA=="],

    "tailwindcss": ["tailwindcss@4.0.5", "", {}, "sha512-DZZIKX3tA23LGTjHdnwlJOTxfICD1cPeykLLsYF1RQBI9QsCR3i0szohJfJDVjr6aNRAIio5WVO7FGB77fRHwg=="],

    "tapable": ["tapable@2.2.1", "", {}, "sha512-GNzQvQTOIP6RyTfE2Qxb8ZVlNmw0n88vp1szwWRimP02mnTsx3Wtn5qRdqY9w2XduFNUgvOwhNnQsjwCp+kqaQ=="],
  }
}
